
Microsoft Visual Studio Solution File, Format Version 12.00
# Visual Studio Version 16
VisualStudioVersion = 16.0.31829.152
MinimumVisualStudioVersion = 10.0.40219.1
Project("{FAE04EC0-301F-11D3-BF4B-00C04F79EFBC}") = "grpahQL-initial", "grpahQL-initial.csproj", "{DF8BBB34-2908-4AA5-9339-E577469E9F27}"
EndProject
Global
	GlobalSection(SolutionConfigurationPlatforms) = preSolution
		Debug|Any CPU = Debug|Any CPU
		Release|Any CPU = Release|Any CPU
	EndGlobalSection
	GlobalSection(ProjectConfigurationPlatforms) = postSolution
		{DF8BBB34-2908-4AA5-9339-E577469E9F27}.Debug|Any CPU.ActiveCfg = Debug|Any CPU
		{DF8BBB34-2908-4AA5-9339-E577469E9F27}.Debug|Any CPU.Build.0 = Debug|Any CPU
		{DF8BBB34-2908-4AA5-9339-E577469E9F27}.Release|Any CPU.ActiveCfg = Release|Any CPU
		{DF8BBB34-2908-4AA5-9339-E577469E9F27}.Release|Any CPU.Build.0 = Release|Any CPU
	EndGlobalSection
	GlobalSection(SolutionProperties) = preSolution
		HideSolutionNode = FALSE
	EndGlobalSection
	GlobalSection(ExtensibilityGlobals) = postSolution
		SolutionGuid = {144B0082-B675-48A6-8544-F9B7DDE8D275}
	EndGlobalSection
EndGlobal
